Microsoft Visual Studio Solution File, Format Version 12.00
# Visual Studio Version 17
VisualStudioVersion = 17.2.32210.308
MinimumVisualStudioVersion = 10.0.40219.1
Project("{FAE04EC0-301F-11D3-BF4B-00C04F79EFBC}") = "Tuulbox", "Src\Tuulbox.csproj", "{F675291C-DE5D-428C-81FB-1F84FA13D368}"
EndProject
Project("{9A19103F-16F7-4668-BE54-9A1E7A4F7556}") = "RT.Util.Core", "..\RT.Util\RT.Util.Core\RT.Util.Core.csproj", "{8D0FE79C-AD8D-475C-9E6F-9CAE85365B5D}"
EndProject
Project("{9A19103F-16F7-4668-BE54-9A1E7A4F7556}") = "RT.Servers", "..\RT.Servers\Src\RT.Servers.csproj", "{A7333C19-56A9-4A8E-A196-7648666EF26A}"
EndProject
Project("{FAE04EC0-301F-11D3-BF4B-00C04F79EFBC}") = "RT.TagSoup", "..\RT.TagSoup\Src\RT.TagSoup.csproj", "{8F80D916-8999-45D8-ACB2-FFA7E2698FD6}"
EndProject
Project("{FAE04EC0-301F-11D3-BF4B-00C04F79EFBC}") = "Generex", "..\Generex\Src\Generex.csproj", "{AD37F193-49A3-4A3D-8BF1-122D5457C7A6}"
EndProject
Project("{9A19103F-16F7-4668-BE54-9A1E7A4F7556}") = "PropellerApi", "..\Propeller\API\PropellerApi.csproj", "{5770EE79-8340-41FB-9B8E-EB4A3C487FF1}"
EndProject
Project("{9A19103F-16F7-4668-BE54-9A1E7A4F7556}") = "RT.Json", "..\RT.Util\RT.Json\RT.Json.csproj", "{8D0FB386-9E33-4E17-9035-0A8718CF0082}"
EndProject
Project("{9A19103F-16F7-4668-BE54-9A1E7A4F7556}") = "RT.Serialization", "..\RT.Util\RT.Serialization\RT.Serialization.csproj", "{62D4C664-7B2A-46B0-BB97-4200BA3E40B0}"
EndProject
Project("{9A19103F-16F7-4668-BE54-9A1E7A4F7556}") = "RT.Serialization.Json", "..\RT.Util\RT.Serialization.Json\RT.Serialization.Json.csproj", "{70C7FE69-DB71-49EA-B597-C5CB248D4BB2}"
EndProject
Project("{9A19103F-16F7-4668-BE54-9A1E7A4F7556}") = "RT.Util", "..\RT.Util\RT.Util\RT.Util.csproj", "{F6048D61-8D3D-4482-BFE9-DD903C8C6ABC}"
EndProject
Project("{9A19103F-16F7-4668-BE54-9A1E7A4F7556}") = "RT.PostBuild", "..\RT.Util\RT.PostBuild\RT.PostBuild.csproj", "{0B96D430-AE5A-4B6C-AB63-94F5E7A135AD}"
EndProject
Project("{9A19103F-16F7-4668-BE54-9A1E7A4F7556}") = "RT.Serialization.Xml", "..\RT.Util\RT.Serialization.Xml\RT.Serialization.Xml.csproj", "{7BD54CE0-4CD1-4ED9-8009-04ACCF85B31D}"
EndProject
Global
	GlobalSection(SolutionConfigurationPlatforms) = preSolution
		Debug|Any CPU = Debug|Any CPU
		Release|Any CPU = Release|Any CPU
	EndGlobalSection
	GlobalSection(ProjectConfigurationPlatforms) = postSolution
		{F675291C-DE5D-428C-81FB-1F84FA13D368}.Debug|Any CPU.ActiveCfg = Debug|x86
		{F675291C-DE5D-428C-81FB-1F84FA13D368}.Debug|Any CPU.Build.0 = Debug|x86
		{F675291C-DE5D-428C-81FB-1F84FA13D368}.Release|Any CPU.ActiveCfg = Release|x86
		{F675291C-DE5D-428C-81FB-1F84FA13D368}.Release|Any CPU.Build.0 = Release|x86
		{8D0FE79C-AD8D-475C-9E6F-9CAE85365B5D}.Debug|Any CPU.ActiveCfg = Debug|Any CPU
		{8D0FE79C-AD8D-475C-9E6F-9CAE85365B5D}.Debug|Any CPU.Build.0 = Debug|Any CPU
		{8D0FE79C-AD8D-475C-9E6F-9CAE85365B5D}.Release|Any CPU.ActiveCfg = Release|Any CPU
		{8D0FE79C-AD8D-475C-9E6F-9CAE85365B5D}.Release|Any CPU.Build.0 = Release|Any CPU
		{A7333C19-56A9-4A8E-A196-7648666EF26A}.Debug|Any CPU.ActiveCfg = Debug|Any CPU
		{A7333C19-56A9-4A8E-A196-7648666EF26A}.Debug|Any CPU.Build.0 = Debug|Any CPU
		{A7333C19-56A9-4A8E-A196-7648666EF26A}.Release|Any CPU.ActiveCfg = Release|Any CPU
		{A7333C19-56A9-4A8E-A196-7648666EF26A}.Release|Any CPU.Build.0 = Release|Any CPU
		{8F80D916-8999-45D8-ACB2-FFA7E2698FD6}.Debug|Any CPU.ActiveCfg = Debug|Any CPU
		{8F80D916-8999-45D8-ACB2-FFA7E2698FD6}.Debug|Any CPU.Build.0 = Debug|Any CPU
		{8F80D916-8999-45D8-ACB2-FFA7E2698FD6}.Release|Any CPU.ActiveCfg = Release|Any CPU
		{8F80D916-8999-45D8-ACB2-FFA7E2698FD6}.Release|Any CPU.Build.0 = Release|Any CPU
		{AD37F193-49A3-4A3D-8BF1-122D5457C7A6}.Debug|Any CPU.ActiveCfg = Debug|Any CPU
		{AD37F193-49A3-4A3D-8BF1-122D5457C7A6}.Debug|Any CPU.Build.0 = Debug|Any CPU
		{AD37F193-49A3-4A3D-8BF1-122D5457C7A6}.Release|Any CPU.ActiveCfg = Release|Any CPU
		{AD37F193-49A3-4A3D-8BF1-122D5457C7A6}.Release|Any CPU.Build.0 = Release|Any CPU
		{5770EE79-8340-41FB-9B8E-EB4A3C487FF1}.Debug|Any CPU.ActiveCfg = Debug|Any CPU
		{5770EE79-8340-41FB-9B8E-EB4A3C487FF1}.Debug|Any CPU.Build.0 = Debug|Any CPU
		{5770EE79-8340-41FB-9B8E-EB4A3C487FF1}.Release|Any CPU.ActiveCfg = Release|Any CPU
		{5770EE79-8340-41FB-9B8E-EB4A3C487FF1}.Release|Any CPU.Build.0 = Release|Any CPU
		{8D0FB386-9E33-4E17-9035-0A8718CF0082}.Debug|Any CPU.ActiveCfg = Debug|Any CPU
		{8D0FB386-9E33-4E17-9035-0A8718CF0082}.Debug|Any CPU.Build.0 = Debug|Any CPU
		{8D0FB386-9E33-4E17-9035-0A8718CF0082}.Release|Any CPU.ActiveCfg = Release|Any CPU
		{8D0FB386-9E33-4E17-9035-0A8718CF0082}.Release|Any CPU.Build.0 = Release|Any CPU
		{62D4C664-7B2A-46B0-BB97-4200BA3E40B0}.Debug|Any CPU.ActiveCfg = Debug|Any CPU
		{62D4C664-7B2A-46B0-BB97-4200BA3E40B0}.Debug|Any CPU.Build.0 = Debug|Any CPU
		{62D4C664-7B2A-46B0-BB97-4200BA3E40B0}.Release|Any CPU.ActiveCfg = Release|Any CPU
		{62D4C664-7B2A-46B0-BB97-4200BA3E40B0}.Release|Any CPU.Build.0 = Release|Any CPU
		{70C7FE69-DB71-49EA-B597-C5CB248D4BB2}.Debug|Any CPU.ActiveCfg = Debug|Any CPU
		{70C7FE69-DB71-49EA-B597-C5CB248D4BB2}.Debug|Any CPU.Build.0 = Debug|Any CPU
		{70C7FE69-DB71-49EA-B597-C5CB248D4BB2}.Release|Any CPU.ActiveCfg = Release|Any CPU
		{70C7FE69-DB71-49EA-B597-C5CB248D4BB2}.Release|Any CPU.Build.0 = Release|Any CPU
		{F6048D61-8D3D-4482-BFE9-DD903C8C6ABC}.Debug|Any CPU.ActiveCfg = Debug|Any CPU
		{F6048D61-8D3D-4482-BFE9-DD903C8C6ABC}.Debug|Any CPU.Build.0 = Debug|Any CPU
		{F6048D61-8D3D-4482-BFE9-DD903C8C6ABC}.Release|Any CPU.ActiveCfg = Release|Any CPU
		{F6048D61-8D3D-4482-BFE9-DD903C8C6ABC}.Release|Any CPU.Build.0 = Release|Any CPU
		{0B96D430-AE5A-4B6C-AB63-94F5E7A135AD}.Debug|Any CPU.ActiveCfg = Debug|Any CPU
		{0B96D430-AE5A-4B6C-AB63-94F5E7A135AD}.Debug|Any CPU.Build.0 = Debug|Any CPU
		{0B96D430-AE5A-4B6C-AB63-94F5E7A135AD}.Release|Any CPU.ActiveCfg = Release|Any CPU
		{0B96D430-AE5A-4B6C-AB63-94F5E7A135AD}.Release|Any CPU.Build.0 = Release|Any CPU
		{7BD54CE0-4CD1-4ED9-8009-04ACCF85B31D}.Debug|Any CPU.ActiveCfg = Debug|Any CPU
		{7BD54CE0-4CD1-4ED9-8009-04ACCF85B31D}.Debug|Any CPU.Build.0 = Debug|Any CPU
		{7BD54CE0-4CD1-4ED9-8009-04ACCF85B31D}.Release|Any CPU.ActiveCfg = Release|Any CPU
		{7BD54CE0-4CD1-4ED9-8009-04ACCF85B31D}.Release|Any CPU.Build.0 = Release|Any CPU
	EndGlobalSection
	GlobalSection(SolutionProperties) = preSolution
		HideSolutionNode = FALSE
	EndGlobalSection
	GlobalSection(ExtensibilityGlobals) = postSolution
		SolutionGuid = {B2CCF9ED-F5DE-4817-81BF-AF7836A74A81}
	EndGlobalSection
EndGlobal
